
Microsoft Visual Studio Solution File, Format Version 12.00
# Visual Studio 16
Project("{FAE04EC0-301F-11D3-BF4B-00C04F79EFBC}") = "Assembly-CSharp", "Assembly-CSharp.csproj", "{8A2044FB-2FC7-E9B1-A38C-5F1010BF93D1}"
EndProject
Project("{FAE04EC0-301F-11D3-BF4B-00C04F79EFBC}") = "Assembly-CSharp-Editor", "Assembly-CSharp-Editor.csproj", "{2F6E2184-EB21-5C7E-DBFA-A424A21B2B66}"
EndProject
Global
	GlobalSection(SolutionConfigurationPlatforms) = preSolution
		Debug|Any CPU = Debug|Any CPU
		Release|Any CPU = Release|Any CPU
	EndGlobalSection
	GlobalSection(ProjectConfigurationPlatforms) = postSolution
		{8A2044FB-2FC7-E9B1-A38C-5F1010BF93D1}.Debug|Any CPU.ActiveCfg = Debug|Any CPU
		{8A2044FB-2FC7-E9B1-A38C-5F1010BF93D1}.Debug|Any CPU.Build.0 = Debug|Any CPU
		{8A2044FB-2FC7-E9B1-A38C-5F1010BF93D1}.Release|Any CPU.ActiveCfg = Release|Any CPU
		{8A2044FB-2FC7-E9B1-A38C-5F1010BF93D1}.Release|Any CPU.Build.0 = Release|Any CPU
		{2F6E2184-EB21-5C7E-DBFA-A424A21B2B66}.Debug|Any CPU.ActiveCfg = Debug|Any CPU
		{2F6E2184-EB21-5C7E-DBFA-A424A21B2B66}.Debug|Any CPU.Build.0 = Debug|Any CPU
		{2F6E2184-EB21-5C7E-DBFA-A424A21B2B66}.Release|Any CPU.ActiveCfg = Release|Any CPU
		{2F6E2184-EB21-5C7E-DBFA-A424A21B2B66}.Release|Any CPU.Build.0 = Release|Any CPU
	EndGlobalSection
	GlobalSection(SolutionProperties) = preSolution
		HideSolutionNode = FALSE
	EndGlobalSection
EndGlobal
